PODS:
  - JVFloatingDrawer (0.1.0)
  - KFEpubKit (0.0.6):
    - KissXML
    - SSZipArchive
  - KissXML (5.0)
  - Kiwi (2.3.1)
  - PixateFreestyle (2.1.4)
  - ReactiveCocoa (2.4.7):
    - ReactiveCocoa/UI (= 2.4.7)
  - ReactiveCocoa/Core (2.4.7):
    - ReactiveCocoa/no-arc
  - ReactiveCocoa/no-arc (2.4.7)
  - ReactiveCocoa/UI (2.4.7):
    - ReactiveCocoa/Core
  - SSZipArchive (0.3.2)
  - ZSSRichTextEditor (0.5.2.1)

DEPENDENCIES:
  - JVFloatingDrawer
  - KFEpubKit
  - Kiwi
  - PixateFreestyle
  - ReactiveCocoa
  - ZSSRichTextEditor

SPEC CHECKSUMS:
  JVFloatingDrawer: 4782b1df21411aef2c1818f3b346cace02cc2e24
  KFEpubKit: 945938610590a08cd6301370fb25da837d535292
  KissXML: ce643413d618ad69886d0d43c3792b7dedfe476e
  Kiwi: f038a6c61f7a9e4d7766bff5717aa3b3fdb75f55
  PixateFreestyle: 46d97070c7d647519dc367c70cbe84c189e07ca9
  ReactiveCocoa: eb38dee0a0e698f73a9b25e5c1faea2bb4c79240
  SSZipArchive: 11801759495fa4efb7512ef652eb0042d68305d7
  ZSSRichTextEditor: 56ed060d6d7a98fb6be9fceb8074ced22160349b

COCOAPODS: 0.36.3
