PODS:
  - JVFloatingDrawer (0.1.0)
  - Kiwi (2.3.1)
  - Nimble (3.0.0)
  - PixateFreestyle (2.1.4)
  - Quick (0.6.0)
  - ReactiveCocoa (4.0.0-RC.1):
    - ReactiveCocoa/UI (= 4.0.0-RC.1)
    - Result (~> 1.0)
  - ReactiveCocoa/Core (4.0.0-RC.1):
    - ReactiveCocoa/no-arc
    - Result (~> 1.0)
  - ReactiveCocoa/no-arc (4.0.0-RC.1):
    - Result (~> 1.0)
  - ReactiveCocoa/UI (4.0.0-RC.1):
    - ReactiveCocoa/Core
    - Result (~> 1.0)
  - Result (1.0.1)

DEPENDENCIES:
  - JVFloatingDrawer
  - Kiwi
  - Nimble
  - PixateFreestyle
  - Quick
  - ReactiveCocoa (= 4.0.0-RC.1)

SPEC CHECKSUMS:
  JVFloatingDrawer: 4782b1df21411aef2c1818f3b346cace02cc2e24
  Kiwi: f038a6c61f7a9e4d7766bff5717aa3b3fdb75f55
  Nimble: 4c353d43735b38b545cbb4cb91504588eb5de926
  PixateFreestyle: 46d97070c7d647519dc367c70cbe84c189e07ca9
  Quick: 563686dbcf0ae0f9f7401ac9cd2d786ee1b7f3d7
  ReactiveCocoa: 2b0f654beb7642b82cfd3fdb845205ae9889422c
  Result: caef80340451e1f07492fa1e89117f83613bce24

COCOAPODS: 0.39.0
