// !$*UTF8*$!
{
	archiveVersion = 1;
	classes = {
	};
	objectVersion = 46;
	objects = {

/* Begin PBXBuildFile section */
		014900CF3748CD78C972394D /* libPods.a in Frameworks */ = {isa = PBXBuildFile; fileRef = 582CBA5B1E901BCB839901C7 /* libPods.a */; };
		8E09B15F1ACDC0AB00688218 /* scss in Resources */ = {isa = PBXBuildFile; fileRef = 8E09B15E1ACDC0AB00688218 /* scss */; };
		8E09B1691ACF215500688218 /* CoreDataScheduler.m in Sources */ = {isa = PBXBuildFile; fileRef = 8E09B1681ACF215500688218 /* CoreDataScheduler.m */; };
		8E09B16C1ACF258800688218 /* PersistenceController.m in Sources */ = {isa = PBXBuildFile; fileRef = 8E09B16B1ACF258800688218 /* PersistenceController.m */; };
		8E09B16F1AD082D900688218 /* AppDelegateSpec.m in Sources */ = {isa = PBXBuildFile; fileRef = 8E09B16E1AD082D900688218 /* AppDelegateSpec.m */; };
		8E09B1721AD08A8400688218 /* SceneMediator.m in Sources */ = {isa = PBXBuildFile; fileRef = 8E09B1711AD08A8400688218 /* SceneMediator.m */; };
		8E09B1741AD09EB700688218 /* NewNoteViewControllerSpec.m in Sources */ = {isa = PBXBuildFile; fileRef = 8E09B1731AD09EB700688218 /* NewNoteViewControllerSpec.m */; };
		8E09B1781AD0DAF800688218 /* NotesViewController.m in Sources */ = {isa = PBXBuildFile; fileRef = 8E09B1771AD0DAF800688218 /* NotesViewController.m */; };
		8E09B17A1AD0DB4700688218 /* NotesViewControllerSpec.m in Sources */ = {isa = PBXBuildFile; fileRef = 8E09B1791AD0DB4700688218 /* NotesViewControllerSpec.m */; };
		8E09B17D1AD0DE3E00688218 /* NoteCell.m in Sources */ = {isa = PBXBuildFile; fileRef = 8E09B17C1AD0DE3E00688218 /* NoteCell.m */; };
		8E0DF9851AD84BAC00ECA44E /* RichTextEditor.m in Sources */ = {isa = PBXBuildFile; fileRef = 8E0DF9841AD84BAC00ECA44E /* RichTextEditor.m */; };
		8E2AE8C11AD3176B0074C686 /* Tag.m in Sources */ = {isa = PBXBuildFile; fileRef = 8E2AE8C01AD3176B0074C686 /* Tag.m */; };
		8E2AE8CB1AD33E500074C686 /* EditNoteViewController.m in Sources */ = {isa = PBXBuildFile; fileRef = 8E2AE8CA1AD33E500074C686 /* EditNoteViewController.m */; };
		8E888E711ACD934C00DFC8ED /* main.m in Sources */ = {isa = PBXBuildFile; fileRef = 8E888E701ACD934C00DFC8ED /* main.m */; };
		8E888E741ACD934C00DFC8ED /* AppDelegate.m in Sources */ = {isa = PBXBuildFile; fileRef = 8E888E731ACD934C00DFC8ED /* AppDelegate.m */; };
		8E888E771ACD934C00DFC8ED /* LivingWords.xcdatamodeld in Sources */ = {isa = PBXBuildFile; fileRef = 8E888E751ACD934C00DFC8ED /* LivingWords.xcdatamodeld */; };
		8E888E7A1ACD934C00DFC8ED /* NewNoteViewController.m in Sources */ = {isa = PBXBuildFile; fileRef = 8E888E791ACD934C00DFC8ED /* NewNoteViewController.m */; };
		8E888E7D1ACD934C00DFC8ED /* Main.storyboard in Resources */ = {isa = PBXBuildFile; fileRef = 8E888E7B1ACD934C00DFC8ED /* Main.storyboard */; };
		8E888E7F1ACD934C00DFC8ED /* Images.xcassets in Resources */ = {isa = PBXBuildFile; fileRef = 8E888E7E1ACD934C00DFC8ED /* Images.xcassets */; };
		8E888E821ACD934C00DFC8ED /* LaunchScreen.xib in Resources */ = {isa = PBXBuildFile; fileRef = 8E888E801ACD934C00DFC8ED /* LaunchScreen.xib */; };
		8EC19B0A1AD4A0E500257932 /* Verse.m in Sources */ = {isa = PBXBuildFile; fileRef = 8EC19B091AD4A0E500257932 /* Verse.m */; };
		8EC19B0D1AD4A12200257932 /* Note.m in Sources */ = {isa = PBXBuildFile; fileRef = 8EC19B0C1AD4A12200257932 /* Note.m */; };
		8EC534771AD420EB0058A5FD /* VerseFactory.m in Sources */ = {isa = PBXBuildFile; fileRef = 8EC534761AD420EB0058A5FD /* VerseFactory.m */; };
		8EC5347A1AD421120058A5FD /* VerseFactorySpec.m in Sources */ = {isa = PBXBuildFile; fileRef = 8EC534791AD421120058A5FD /* VerseFactorySpec.m */; };
		8EC5347F1AD4260B0058A5FD /* VerseParser.m in Sources */ = {isa = PBXBuildFile; fileRef = 8EC5347E1AD4260B0058A5FD /* VerseParser.m */; };
		8EC534811AD426410058A5FD /* VerseParserSpec.m in Sources */ = {isa = PBXBuildFile; fileRef = 8EC534801AD426410058A5FD /* VerseParserSpec.m */; };
		8EC534861AD42A2F0058A5FD /* ParsedVerse.m in Sources */ = {isa = PBXBuildFile; fileRef = 8EC534851AD42A2F0058A5FD /* ParsedVerse.m */; };
		8EC534891AD4325D0058A5FD /* Bible.m in Sources */ = {isa = PBXBuildFile; fileRef = 8EC534881AD4325D0058A5FD /* Bible.m */; };
		944E88AE4E73AF1D92FBCF02 /* libPods-LivingWordsTests.a in Frameworks */ = {isa = PBXBuildFile; fileRef = 6E94C4E1EF698183A9C60D87 /* libPods-LivingWordsTests.a */; };
/* End PBXBuildFile section */

/* Begin PBXContainerItemProxy section */
		8E888E881ACD934C00DFC8ED /* PBXContainerItemProxy */ = {
			isa = PBXContainerItemProxy;
			containerPortal = 8E888E631ACD934C00DFC8ED /* Project object */;
			proxyType = 1;
			remoteGlobalIDString = 8E888E6A1ACD934C00DFC8ED;
			remoteInfo = LivingWords;
		};
/* End PBXContainerItemProxy section */

/* Begin PBXFileReference section */
		582CBA5B1E901BCB839901C7 /* libPods.a */ = {isa = PBXFileReference; explicitFileType = archive.ar; includeInIndex = 0; path = libPods.a; sourceTree = BUILT_PRODUCTS_DIR; };
		5BD33C29BBA65792D1C2ADD1 /* Pods.debug.xcconfig */ = {isa = PBXFileReference; includeInIndex = 1; lastKnownFileType = text.xcconfig; name = Pods.debug.xcconfig; path = "Pods/Target Support Files/Pods/Pods.debug.xcconfig"; sourceTree = "<group>"; };
		6E94C4E1EF698183A9C60D87 /* libPods-LivingWordsTests.a */ = {isa = PBXFileReference; explicitFileType = archive.ar; includeInIndex = 0; path = "libPods-LivingWordsTests.a"; sourceTree = BUILT_PRODUCTS_DIR; };
		76D10096C678A28C20C98B96 /* Pods.release.xcconfig */ = {isa = PBXFileReference; includeInIndex = 1; lastKnownFileType = text.xcconfig; name = Pods.release.xcconfig; path = "Pods/Target Support Files/Pods/Pods.release.xcconfig"; sourceTree = "<group>"; };
		8E09B15E1ACDC0AB00688218 /* scss */ = {isa = PBXFileReference; lastKnownFileType = folder; path = scss; sourceTree = "<group>"; };
		8E09B1671ACF215500688218 /* CoreDataScheduler.h */ = {isa = PBXFileReference; fileEncoding = 4; lastKnownFileType = sourcecode.c.h; path = CoreDataScheduler.h; sourceTree = "<group>"; };
		8E09B1681ACF215500688218 /* CoreDataScheduler.m */ = {isa = PBXFileReference; fileEncoding = 4; lastKnownFileType = sourcecode.c.objc; path = CoreDataScheduler.m; sourceTree = "<group>"; };
		8E09B16A1ACF258800688218 /* PersistenceController.h */ = {isa = PBXFileReference; fileEncoding = 4; lastKnownFileType = sourcecode.c.h; path = PersistenceController.h; sourceTree = "<group>"; };
		8E09B16B1ACF258800688218 /* PersistenceController.m */ = {isa = PBXFileReference; fileEncoding = 4; lastKnownFileType = sourcecode.c.objc; path = PersistenceController.m; sourceTree = "<group>"; };
		8E09B16D1ACF283E00688218 /* PrefixHeader.pch */ = {isa = PBXFileReference; lastKnownFileType = sourcecode.c.h; path = PrefixHeader.pch; sourceTree = "<group>"; };
		8E09B16E1AD082D900688218 /* AppDelegateSpec.m */ = {isa = PBXFileReference; fileEncoding = 4; lastKnownFileType = sourcecode.c.objc; path = AppDelegateSpec.m; sourceTree = "<group>"; };
		8E09B1701AD08A8400688218 /* SceneMediator.h */ = {isa = PBXFileReference; fileEncoding = 4; lastKnownFileType = sourcecode.c.h; path = SceneMediator.h; sourceTree = "<group>"; };
		8E09B1711AD08A8400688218 /* SceneMediator.m */ = {isa = PBXFileReference; fileEncoding = 4; lastKnownFileType = sourcecode.c.objc; path = SceneMediator.m; sourceTree = "<group>"; };
		8E09B1731AD09EB700688218 /* NewNoteViewControllerSpec.m */ = {isa = PBXFileReference; fileEncoding = 4; lastKnownFileType = sourcecode.c.objc; path = NewNoteViewControllerSpec.m; sourceTree = "<group>"; };
		8E09B1761AD0DAF800688218 /* NotesViewController.h */ = {isa = PBXFileReference; fileEncoding = 4; lastKnownFileType = sourcecode.c.h; path = NotesViewController.h; sourceTree = "<group>"; };
		8E09B1771AD0DAF800688218 /* NotesViewController.m */ = {isa = PBXFileReference; fileEncoding = 4; lastKnownFileType = sourcecode.c.objc; path = NotesViewController.m; sourceTree = "<group>"; };
		8E09B1791AD0DB4700688218 /* NotesViewControllerSpec.m */ = {isa = PBXFileReference; fileEncoding = 4; lastKnownFileType = sourcecode.c.objc; path = NotesViewControllerSpec.m; sourceTree = "<group>"; };
		8E09B17B1AD0DE3E00688218 /* NoteCell.h */ = {isa = PBXFileReference; fileEncoding = 4; lastKnownFileType = sourcecode.c.h; path = NoteCell.h; sourceTree = "<group>"; };
		8E09B17C1AD0DE3E00688218 /* NoteCell.m */ = {isa = PBXFileReference; fileEncoding = 4; lastKnownFileType = sourcecode.c.objc; path = NoteCell.m; sourceTree = "<group>"; };
		8E0DF9831AD84BAC00ECA44E /* RichTextEditor.h */ = {isa = PBXFileReference; fileEncoding = 4; lastKnownFileType = sourcecode.c.h; path = RichTextEditor.h; sourceTree = "<group>"; };
		8E0DF9841AD84BAC00ECA44E /* RichTextEditor.m */ = {isa = PBXFileReference; fileEncoding = 4; lastKnownFileType = sourcecode.c.objc; path = RichTextEditor.m; sourceTree = "<group>"; };
		8E2AE8BF1AD3176B0074C686 /* Tag.h */ = {isa = PBXFileReference; fileEncoding = 4; lastKnownFileType = sourcecode.c.h; path = Tag.h; sourceTree = "<group>"; };
		8E2AE8C01AD3176B0074C686 /* Tag.m */ = {isa = PBXFileReference; fileEncoding = 4; lastKnownFileType = sourcecode.c.objc; path = Tag.m; sourceTree = "<group>"; };
		8E2AE8C91AD33E500074C686 /* EditNoteViewController.h */ = {isa = PBXFileReference; fileEncoding = 4; lastKnownFileType = sourcecode.c.h; path = EditNoteViewController.h; sourceTree = "<group>"; };
		8E2AE8CA1AD33E500074C686 /* EditNoteViewController.m */ = {isa = PBXFileReference; fileEncoding = 4; lastKnownFileType = sourcecode.c.objc; path = EditNoteViewController.m; sourceTree = "<group>"; };
		8E888E6B1ACD934C00DFC8ED /* LivingWords.app */ = {isa = PBXFileReference; explicitFileType = wrapper.application; includeInIndex = 0; path = LivingWords.app; sourceTree = BUILT_PRODUCTS_DIR; };
		8E888E6F1ACD934C00DFC8ED /* Info.plist */ = {isa = PBXFileReference; lastKnownFileType = text.plist.xml; path = Info.plist; sourceTree = "<group>"; };
		8E888E701ACD934C00DFC8ED /* main.m */ = {isa = PBXFileReference; lastKnownFileType = sourcecode.c.objc; path = main.m; sourceTree = "<group>"; };
		8E888E721ACD934C00DFC8ED /* AppDelegate.h */ = {isa = PBXFileReference; lastKnownFileType = sourcecode.c.h; path = AppDelegate.h; sourceTree = "<group>"; };
		8E888E731ACD934C00DFC8ED /* AppDelegate.m */ = {isa = PBXFileReference; lastKnownFileType = sourcecode.c.objc; path = AppDelegate.m; sourceTree = "<group>"; };
		8E888E761ACD934C00DFC8ED /* LivingWords.xcdatamodel */ = {isa = PBXFileReference; lastKnownFileType = wrapper.xcdatamodel; path = LivingWords.xcdatamodel; sourceTree = "<group>"; };
		8E888E781ACD934C00DFC8ED /* NewNoteViewController.h */ = {isa = PBXFileReference; lastKnownFileType = sourcecode.c.h; path = NewNoteViewController.h; sourceTree = "<group>"; };
		8E888E791ACD934C00DFC8ED /* NewNoteViewController.m */ = {isa = PBXFileReference; lastKnownFileType = sourcecode.c.objc; path = NewNoteViewController.m; sourceTree = "<group>"; };
		8E888E7C1ACD934C00DFC8ED /* Base */ = {isa = PBXFileReference; lastKnownFileType = file.storyboard; name = Base; path = Base.lproj/Main.storyboard; sourceTree = "<group>"; };
		8E888E7E1ACD934C00DFC8ED /* Images.xcassets */ = {isa = PBXFileReference; lastKnownFileType = folder.assetcatalog; path = Images.xcassets; sourceTree = "<group>"; };
		8E888E811ACD934C00DFC8ED /* Base */ = {isa = PBXFileReference; lastKnownFileType = file.xib; name = Base; path = Base.lproj/LaunchScreen.xib; sourceTree = "<group>"; };
		8E888E871ACD934C00DFC8ED /* LivingWordsTests.xctest */ = {isa = PBXFileReference; explicitFileType = wrapper.cfbundle; includeInIndex = 0; path = LivingWordsTests.xctest; sourceTree = BUILT_PRODUCTS_DIR; };
		8E888E8C1ACD934C00DFC8ED /* Info.plist */ = {isa = PBXFileReference; lastKnownFileType = text.plist.xml; path = Info.plist; sourceTree = "<group>"; };
		8EC19B081AD4A0E500257932 /* Verse.h */ = {isa = PBXFileReference; fileEncoding = 4; lastKnownFileType = sourcecode.c.h; path = Verse.h; sourceTree = "<group>"; };
		8EC19B091AD4A0E500257932 /* Verse.m */ = {isa = PBXFileReference; fileEncoding = 4; lastKnownFileType = sourcecode.c.objc; path = Verse.m; sourceTree = "<group>"; };
		8EC19B0B1AD4A12200257932 /* Note.h */ = {isa = PBXFileReference; fileEncoding = 4; lastKnownFileType = sourcecode.c.h; path = Note.h; sourceTree = "<group>"; };
		8EC19B0C1AD4A12200257932 /* Note.m */ = {isa = PBXFileReference; fileEncoding = 4; lastKnownFileType = sourcecode.c.objc; path = Note.m; sourceTree = "<group>"; };
		8EC534751AD420EB0058A5FD /* VerseFactory.h */ = {isa = PBXFileReference; fileEncoding = 4; lastKnownFileType = sourcecode.c.h; path = VerseFactory.h; sourceTree = "<group>"; };
		8EC534761AD420EB0058A5FD /* VerseFactory.m */ = {isa = PBXFileReference; fileEncoding = 4; lastKnownFileType = sourcecode.c.objc; path = VerseFactory.m; sourceTree = "<group>"; };
		8EC534791AD421120058A5FD /* VerseFactorySpec.m */ = {isa = PBXFileReference; fileEncoding = 4; lastKnownFileType = sourcecode.c.objc; path = VerseFactorySpec.m; sourceTree = "<group>"; };
		8EC5347D1AD4260B0058A5FD /* VerseParser.h */ = {isa = PBXFileReference; fileEncoding = 4; lastKnownFileType = sourcecode.c.h; path = VerseParser.h; sourceTree = "<group>"; };
		8EC5347E1AD4260B0058A5FD /* VerseParser.m */ = {isa = PBXFileReference; fileEncoding = 4; lastKnownFileType = sourcecode.c.objc; path = VerseParser.m; sourceTree = "<group>"; };
		8EC534801AD426410058A5FD /* VerseParserSpec.m */ = {isa = PBXFileReference; fileEncoding = 4; lastKnownFileType = sourcecode.c.objc; path = VerseParserSpec.m; sourceTree = "<group>"; };
		8EC534841AD42A2F0058A5FD /* ParsedVerse.h */ = {isa = PBXFileReference; fileEncoding = 4; lastKnownFileType = sourcecode.c.h; path = ParsedVerse.h; sourceTree = "<group>"; };
		8EC534851AD42A2F0058A5FD /* ParsedVerse.m */ = {isa = PBXFileReference; fileEncoding = 4; lastKnownFileType = sourcecode.c.objc; path = ParsedVerse.m; sourceTree = "<group>"; };
		8EC534871AD4325D0058A5FD /* Bible.h */ = {isa = PBXFileReference; fileEncoding = 4; lastKnownFileType = sourcecode.c.h; path = Bible.h; sourceTree = "<group>"; };
		8EC534881AD4325D0058A5FD /* Bible.m */ = {isa = PBXFileReference; fileEncoding = 4; lastKnownFileType = sourcecode.c.objc; path = Bible.m; sourceTree = "<group>"; };
		8F82DA344532A138EFD80C71 /* Pods-LivingWordsTests.debug.xcconfig */ = {isa = PBXFileReference; includeInIndex = 1; lastKnownFileType = text.xcconfig; name = "Pods-LivingWordsTests.debug.xcconfig"; path = "Pods/Target Support Files/Pods-LivingWordsTests/Pods-LivingWordsTests.debug.xcconfig"; sourceTree = "<group>"; };
		CEF080B99495E9C5433CFF12 /* Pods-LivingWordsTests.release.xcconfig */ = {isa = PBXFileReference; includeInIndex = 1; lastKnownFileType = text.xcconfig; name = "Pods-LivingWordsTests.release.xcconfig"; path = "Pods/Target Support Files/Pods-LivingWordsTests/Pods-LivingWordsTests.release.xcconfig"; sourceTree = "<group>"; };
/* End PBXFileReference section */

/* Begin PBXFrameworksBuildPhase section */
		8E888E681ACD934C00DFC8ED /* Frameworks */ = {
			isa = PBXFrameworksBuildPhase;
			buildActionMask = 2147483647;
			files = (
				014900CF3748CD78C972394D /* libPods.a in Frameworks */,
			);
			runOnlyForDeploymentPostprocessing = 0;
		};
		8E888E841ACD934C00DFC8ED /* Frameworks */ = {
			isa = PBXFrameworksBuildPhase;
			buildActionMask = 2147483647;
			files = (
				944E88AE4E73AF1D92FBCF02 /* libPods-LivingWordsTests.a in Frameworks */,
			);
			runOnlyForDeploymentPostprocessing = 0;
		};
/* End PBXFrameworksBuildPhase section */

/* Begin PBXGroup section */
		88E98653137D61943E5EB263 /* Pods */ = {
			isa = PBXGroup;
			children = (
				5BD33C29BBA65792D1C2ADD1 /* Pods.debug.xcconfig */,
				76D10096C678A28C20C98B96 /* Pods.release.xcconfig */,
				8F82DA344532A138EFD80C71 /* Pods-LivingWordsTests.debug.xcconfig */,
				CEF080B99495E9C5433CFF12 /* Pods-LivingWordsTests.release.xcconfig */,
			);
			name = Pods;
			sourceTree = "<group>";
		};
		8E09B1611ACDDC8A00688218 /* ViewControllers */ = {
			isa = PBXGroup;
			children = (
				8E888E781ACD934C00DFC8ED /* NewNoteViewController.h */,
				8E888E791ACD934C00DFC8ED /* NewNoteViewController.m */,
				8E09B1761AD0DAF800688218 /* NotesViewController.h */,
				8E09B1771AD0DAF800688218 /* NotesViewController.m */,
				8E2AE8C91AD33E500074C686 /* EditNoteViewController.h */,
				8E2AE8CA1AD33E500074C686 /* EditNoteViewController.m */,
			);
			name = ViewControllers;
			sourceTree = "<group>";
		};
		8E09B1621ACDDC9800688218 /* Storyboards */ = {
			isa = PBXGroup;
			children = (
				8E888E7B1ACD934C00DFC8ED /* Main.storyboard */,
			);
			name = Storyboards;
			sourceTree = "<group>";
		};
		8E09B1661ACDE01A00688218 /* Models */ = {
			isa = PBXGroup;
			children = (
				8EC534831AD42A090058A5FD /* CoreData */,
				8EC534781AD420F00058A5FD /* Factories */,
				8E2AE8C81AD331880074C686 /* Utility */,
				8EC534871AD4325D0058A5FD /* Bible.h */,
				8EC534881AD4325D0058A5FD /* Bible.m */,
				8E0DF9831AD84BAC00ECA44E /* RichTextEditor.h */,
				8E0DF9841AD84BAC00ECA44E /* RichTextEditor.m */,
			);
			name = Models;
			sourceTree = "<group>";
		};
		8E09B1751AD09EBC00688218 /* ViewControllers */ = {
			isa = PBXGroup;
			children = (
				8E09B1731AD09EB700688218 /* NewNoteViewControllerSpec.m */,
				8E09B1791AD0DB4700688218 /* NotesViewControllerSpec.m */,
			);
			name = ViewControllers;
			sourceTree = "<group>";
		};
		8E09B17E1AD0DE4400688218 /* Cells */ = {
			isa = PBXGroup;
			children = (
				8E09B17B1AD0DE3E00688218 /* NoteCell.h */,
				8E09B17C1AD0DE3E00688218 /* NoteCell.m */,
			);
			name = Cells;
			sourceTree = "<group>";
		};
		8E2AE8C81AD331880074C686 /* Utility */ = {
			isa = PBXGroup;
			children = (
				8E09B1671ACF215500688218 /* CoreDataScheduler.h */,
				8E09B1681ACF215500688218 /* CoreDataScheduler.m */,
				8E09B16A1ACF258800688218 /* PersistenceController.h */,
				8E09B16B1ACF258800688218 /* PersistenceController.m */,
				8E09B1701AD08A8400688218 /* SceneMediator.h */,
				8E09B1711AD08A8400688218 /* SceneMediator.m */,
				8EC5347D1AD4260B0058A5FD /* VerseParser.h */,
				8EC5347E1AD4260B0058A5FD /* VerseParser.m */,
				8EC534841AD42A2F0058A5FD /* ParsedVerse.h */,
				8EC534851AD42A2F0058A5FD /* ParsedVerse.m */,
			);
			name = Utility;
			sourceTree = "<group>";
		};
		8E888E621ACD934C00DFC8ED = {
			isa = PBXGroup;
			children = (
				8E09B15E1ACDC0AB00688218 /* scss */,
				8E888E6D1ACD934C00DFC8ED /* LivingWords */,
				8E888E8A1ACD934C00DFC8ED /* LivingWordsTests */,
				8E888E6C1ACD934C00DFC8ED /* Products */,
				88E98653137D61943E5EB263 /* Pods */,
				D210B1DEE1252F18E3F7B116 /* Frameworks */,
			);
			sourceTree = "<group>";
		};
		8E888E6C1ACD934C00DFC8ED /* Products */ = {
			isa = PBXGroup;
			children = (
				8E888E6B1ACD934C00DFC8ED /* LivingWords.app */,
				8E888E871ACD934C00DFC8ED /* LivingWordsTests.xctest */,
			);
			name = Products;
			sourceTree = "<group>";
		};
		8E888E6D1ACD934C00DFC8ED /* LivingWords */ = {
			isa = PBXGroup;
			children = (
				8E888E721ACD934C00DFC8ED /* AppDelegate.h */,
				8E888E731ACD934C00DFC8ED /* AppDelegate.m */,
				8E09B17E1AD0DE4400688218 /* Cells */,
				8E09B1661ACDE01A00688218 /* Models */,
				8E09B1611ACDDC8A00688218 /* ViewControllers */,
				8E09B1621ACDDC9800688218 /* Storyboards */,
				8E888E7E1ACD934C00DFC8ED /* Images.xcassets */,
				8E888E801ACD934C00DFC8ED /* LaunchScreen.xib */,
				8E888E751ACD934C00DFC8ED /* LivingWords.xcdatamodeld */,
				8E888E6E1ACD934C00DFC8ED /* Supporting Files */,
			);
			path = LivingWords;
			sourceTree = "<group>";
		};
		8E888E6E1ACD934C00DFC8ED /* Supporting Files */ = {
			isa = PBXGroup;
			children = (
				8E888E6F1ACD934C00DFC8ED /* Info.plist */,
				8E888E701ACD934C00DFC8ED /* main.m */,
				8E09B16D1ACF283E00688218 /* PrefixHeader.pch */,
			);
			name = "Supporting Files";
			sourceTree = "<group>";
		};
		8E888E8A1ACD934C00DFC8ED /* LivingWordsTests */ = {
			isa = PBXGroup;
			children = (
				8E09B16E1AD082D900688218 /* AppDelegateSpec.m */,
				8EC5347B1AD421220058A5FD /* Models */,
				8E09B1751AD09EBC00688218 /* ViewControllers */,
				8E888E8B1ACD934C00DFC8ED /* Supporting Files */,
			);
			path = LivingWordsTests;
			sourceTree = "<group>";
		};
		8E888E8B1ACD934C00DFC8ED /* Supporting Files */ = {
			isa = PBXGroup;
			children = (
				8E888E8C1ACD934C00DFC8ED /* Info.plist */,
			);
			name = "Supporting Files";
			sourceTree = "<group>";
		};
		8EC534781AD420F00058A5FD /* Factories */ = {
			isa = PBXGroup;
			children = (
				8EC534751AD420EB0058A5FD /* VerseFactory.h */,
				8EC534761AD420EB0058A5FD /* VerseFactory.m */,
			);
			name = Factories;
			sourceTree = "<group>";
		};
		8EC5347B1AD421220058A5FD /* Models */ = {
			isa = PBXGroup;
			children = (
				8EC5347C1AD4212C0058A5FD /* Factories */,
				8EC534821AD426440058A5FD /* Utility */,
			);
			name = Models;
			sourceTree = "<group>";
		};
		8EC5347C1AD4212C0058A5FD /* Factories */ = {
			isa = PBXGroup;
			children = (
				8EC534791AD421120058A5FD /* VerseFactorySpec.m */,
			);
			name = Factories;
			sourceTree = "<group>";
		};
		8EC534821AD426440058A5FD /* Utility */ = {
			isa = PBXGroup;
			children = (
				8EC534801AD426410058A5FD /* VerseParserSpec.m */,
			);
			name = Utility;
			sourceTree = "<group>";
		};
		8EC534831AD42A090058A5FD /* CoreData */ = {
			isa = PBXGroup;
			children = (
				8EC19B0B1AD4A12200257932 /* Note.h */,
				8EC19B0C1AD4A12200257932 /* Note.m */,
				8E2AE8BF1AD3176B0074C686 /* Tag.h */,
				8E2AE8C01AD3176B0074C686 /* Tag.m */,
				8EC19B081AD4A0E500257932 /* Verse.h */,
				8EC19B091AD4A0E500257932 /* Verse.m */,
			);
			name = CoreData;
			sourceTree = "<group>";
		};
		D210B1DEE1252F18E3F7B116 /* Frameworks */ = {
			isa = PBXGroup;
			children = (
				582CBA5B1E901BCB839901C7 /* libPods.a */,
				6E94C4E1EF698183A9C60D87 /* libPods-LivingWordsTests.a */,
			);
			name = Frameworks;
			sourceTree = "<group>";
		};
/* End PBXGroup section */

/* Begin PBXNativeTarget section */
		8E888E6A1ACD934C00DFC8ED /* LivingWords */ = {
			isa = PBXNativeTarget;
			buildConfigurationList = 8E888E911ACD934C00DFC8ED /* Build configuration list for PBXNativeTarget "LivingWords" */;
			buildPhases = (
				3EFE5D78B81A0FE03B843820 /* Check Pods Manifest.lock */,
				8E888E671ACD934C00DFC8ED /* Sources */,
				8E888E681ACD934C00DFC8ED /* Frameworks */,
				8E888E691ACD934C00DFC8ED /* Resources */,
				36DDE9E5CEEA528F620985F9 /* Copy Pods Resources */,
				8E09B1601ACDC0CD00688218 /* Run Script - pixate */,
			);
			buildRules = (
			);
			dependencies = (
			);
			name = LivingWords;
			productName = LivingWords;
			productReference = 8E888E6B1ACD934C00DFC8ED /* LivingWords.app */;
			productType = "com.apple.product-type.application";
		};
		8E888E861ACD934C00DFC8ED /* LivingWordsTests */ = {
			isa = PBXNativeTarget;
			buildConfigurationList = 8E888E941ACD934C00DFC8ED /* Build configuration list for PBXNativeTarget "LivingWordsTests" */;
			buildPhases = (
				415C16C347EA9870910D7615 /* Check Pods Manifest.lock */,
				8E888E831ACD934C00DFC8ED /* Sources */,
				8E888E841ACD934C00DFC8ED /* Frameworks */,
				8E888E851ACD934C00DFC8ED /* Resources */,
				F0F42487084376849AEC68F3 /* Copy Pods Resources */,
			);
			buildRules = (
			);
			dependencies = (
				8E888E891ACD934C00DFC8ED /* PBXTargetDependency */,
			);
			name = LivingWordsTests;
			productName = LivingWordsTests;
			productReference = 8E888E871ACD934C00DFC8ED /* LivingWordsTests.xctest */;
			productType = "com.apple.product-type.bundle.unit-test";
		};
/* End PBXNativeTarget section */

/* Begin PBXProject section */
		8E888E631ACD934C00DFC8ED /* Project object */ = {
			isa = PBXProject;
			attributes = {
				LastUpgradeCheck = 0630;
				ORGANIZATIONNAME = "Teddy Ku";
				TargetAttributes = {
					8E888E6A1ACD934C00DFC8ED = {
						CreatedOnToolsVersion = 6.3;
					};
					8E888E861ACD934C00DFC8ED = {
						CreatedOnToolsVersion = 6.3;
						TestTargetID = 8E888E6A1ACD934C00DFC8ED;
					};
				};
			};
			buildConfigurationList = 8E888E661ACD934C00DFC8ED /* Build configuration list for PBXProject "LivingWords" */;
			compatibilityVersion = "Xcode 3.2";
			developmentRegion = English;
			hasScannedForEncodings = 0;
			knownRegions = (
				en,
				Base,
			);
			mainGroup = 8E888E621ACD934C00DFC8ED;
			productRefGroup = 8E888E6C1ACD934C00DFC8ED /* Products */;
			projectDirPath = "";
			projectRoot = "";
			targets = (
				8E888E6A1ACD934C00DFC8ED /* LivingWords */,
				8E888E861ACD934C00DFC8ED /* LivingWordsTests */,
			);
		};
/* End PBXProject section */

/* Begin PBXResourcesBuildPhase section */
		8E888E691ACD934C00DFC8ED /* Resources */ = {
			isa = PBXResourcesBuildPhase;
			buildActionMask = 2147483647;
			files = (
				8E09B15F1ACDC0AB00688218 /* scss in Resources */,
				8E888E7D1ACD934C00DFC8ED /* Main.storyboard in Resources */,
				8E888E821ACD934C00DFC8ED /* LaunchScreen.xib in Resources */,
				8E888E7F1ACD934C00DFC8ED /* Images.xcassets in Resources */,
			);
			runOnlyForDeploymentPostprocessing = 0;
		};
		8E888E851ACD934C00DFC8ED /* Resources */ = {
			isa = PBXResourcesBuildPhase;
			buildActionMask = 2147483647;
			files = (
			);
			runOnlyForDeploymentPostprocessing = 0;
		};
/* End PBXResourcesBuildPhase section */

/* Begin PBXShellScriptBuildPhase section */
		36DDE9E5CEEA528F620985F9 /* Copy Pods Resources */ = {
			isa = PBXShellScriptBuildPhase;
			buildActionMask = 2147483647;
			files = (
			);
			inputPaths = (
			);
			name = "Copy Pods Resources";
			outputPaths = (
			);
			runOnlyForDeploymentPostprocessing = 0;
			shellPath = /bin/sh;
			shellScript = "\"${SRCROOT}/Pods/Target Support Files/Pods/Pods-resources.sh\"\n";
			showEnvVarsInLog = 0;
		};
		3EFE5D78B81A0FE03B843820 /* Check Pods Manifest.lock */ = {
			isa = PBXShellScriptBuildPhase;
			buildActionMask = 2147483647;
			files = (
			);
			inputPaths = (
			);
			name = "Check Pods Manifest.lock";
			outputPaths = (
			);
			runOnlyForDeploymentPostprocessing = 0;
			shellPath = /bin/sh;
			shellScript = "diff \"${PODS_ROOT}/../Podfile.lock\" \"${PODS_ROOT}/Manifest.lock\" > /dev/null\nif [[ $? != 0 ]] ; then\n    cat << EOM\nerror: The sandbox is not in sync with the Podfile.lock. Run 'pod install' or update your CocoaPods installation.\nEOM\n    exit 1\nfi\n";
			showEnvVarsInLog = 0;
		};
		415C16C347EA9870910D7615 /* Check Pods Manifest.lock */ = {
			isa = PBXShellScriptBuildPhase;
			buildActionMask = 2147483647;
			files = (
			);
			inputPaths = (
			);
			name = "Check Pods Manifest.lock";
			outputPaths = (
			);
			runOnlyForDeploymentPostprocessing = 0;
			shellPath = /bin/sh;
			shellScript = "diff \"${PODS_ROOT}/../Podfile.lock\" \"${PODS_ROOT}/Manifest.lock\" > /dev/null\nif [[ $? != 0 ]] ; then\n    cat << EOM\nerror: The sandbox is not in sync with the Podfile.lock. Run 'pod install' or update your CocoaPods installation.\nEOM\n    exit 1\nfi\n";
			showEnvVarsInLog = 0;
		};
		8E09B1601ACDC0CD00688218 /* Run Script - pixate */ = {
			isa = PBXShellScriptBuildPhase;
			buildActionMask = 2147483647;
			files = (
			);
			inputPaths = (
			);
			name = "Run Script - pixate";
			outputPaths = (
			);
			runOnlyForDeploymentPostprocessing = 0;
			shellPath = /bin/sh;
			shellScript = "source /Users/${USER}/.rvm/environments/default\n${GEM_HOME}/bin/sass ${TARGET_BUILD_DIR}/${CONTENTS_FOLDER_PATH}/scss/default.scss ${TARGET_BUILD_DIR}/${CONTENTS_FOLDER_PATH}/default.css";
		};
		F0F42487084376849AEC68F3 /* Copy Pods Resources */ = {
			isa = PBXShellScriptBuildPhase;
			buildActionMask = 2147483647;
			files = (
			);
			inputPaths = (
			);
			name = "Copy Pods Resources";
			outputPaths = (
			);
			runOnlyForDeploymentPostprocessing = 0;
			shellPath = /bin/sh;
			shellScript = "\"${SRCROOT}/Pods/Target Support Files/Pods-LivingWordsTests/Pods-LivingWordsTests-resources.sh\"\n";
			showEnvVarsInLog = 0;
		};
/* End PBXShellScriptBuildPhase section */

/* Begin PBXSourcesBuildPhase section */
		8E888E671ACD934C00DFC8ED /* Sources */ = {
			isa = PBXSourcesBuildPhase;
			buildActionMask = 2147483647;
			files = (
				8E09B17D1AD0DE3E00688218 /* NoteCell.m in Sources */,
				8EC19B0D1AD4A12200257932 /* Note.m in Sources */,
				8E09B1781AD0DAF800688218 /* NotesViewController.m in Sources */,
				8E888E771ACD934C00DFC8ED /* LivingWords.xcdatamodeld in Sources */,
				8E09B16C1ACF258800688218 /* PersistenceController.m in Sources */,
				8E2AE8CB1AD33E500074C686 /* EditNoteViewController.m in Sources */,
				8E2AE8C11AD3176B0074C686 /* Tag.m in Sources */,
				8E0DF9851AD84BAC00ECA44E /* RichTextEditor.m in Sources */,
				8E09B1691ACF215500688218 /* CoreDataScheduler.m in Sources */,
				8E888E741ACD934C00DFC8ED /* AppDelegate.m in Sources */,
				8EC5347F1AD4260B0058A5FD /* VerseParser.m in Sources */,
				8E09B1721AD08A8400688218 /* SceneMediator.m in Sources */,
				8EC534861AD42A2F0058A5FD /* ParsedVerse.m in Sources */,
				8EC534891AD4325D0058A5FD /* Bible.m in Sources */,
				8E888E7A1ACD934C00DFC8ED /* NewNoteViewController.m in Sources */,
				8EC534771AD420EB0058A5FD /* VerseFactory.m in Sources */,
				8E888E711ACD934C00DFC8ED /* main.m in Sources */,
				8EC19B0A1AD4A0E500257932 /* Verse.m in Sources */,
			);
			runOnlyForDeploymentPostprocessing = 0;
		};
		8E888E831ACD934C00DFC8ED /* Sources */ = {
			isa = PBXSourcesBuildPhase;
			buildActionMask = 2147483647;
			files = (
				8E09B1741AD09EB700688218 /* NewNoteViewControllerSpec.m in Sources */,
				8EC5347A1AD421120058A5FD /* VerseFactorySpec.m in Sources */,
				8E09B17A1AD0DB4700688218 /* NotesViewControllerSpec.m in Sources */,
				8EC534811AD426410058A5FD /* VerseParserSpec.m in Sources */,
				8E09B16F1AD082D900688218 /* AppDelegateSpec.m in Sources */,
			);
			runOnlyForDeploymentPostprocessing = 0;
		};
/* End PBXSourcesBuildPhase section */

/* Begin PBXTargetDependency section */
		8E888E891ACD934C00DFC8ED /* PBXTargetDependency */ = {
			isa = PBXTargetDependency;
			target = 8E888E6A1ACD934C00DFC8ED /* LivingWords */;
			targetProxy = 8E888E881ACD934C00DFC8ED /* PBXContainerItemProxy */;
		};
/* End PBXTargetDependency section */

/* Begin PBXVariantGroup section */
		8E888E7B1ACD934C00DFC8ED /* Main.storyboard */ = {
			isa = PBXVariantGroup;
			children = (
				8E888E7C1ACD934C00DFC8ED /* Base */,
			);
			name = Main.storyboard;
			sourceTree = "<group>";
		};
		8E888E801ACD934C00DFC8ED /* LaunchScreen.xib */ = {
			isa = PBXVariantGroup;
			children = (
				8E888E811ACD934C00DFC8ED /* Base */,
			);
			name = LaunchScreen.xib;
			sourceTree = "<group>";
		};
/* End PBXVariantGroup section */

/* Begin XCBuildConfiguration section */
		8E888E8F1ACD934C00DFC8ED /* Debug */ = {
			isa = XCBuildConfiguration;
			buildSettings = {
				ALWAYS_SEARCH_USER_PATHS = NO;
				CLANG_CXX_LANGUAGE_STANDARD = "gnu++0x";
				CLANG_CXX_LIBRARY = "libc++";
				CLANG_ENABLE_MODULES = YES;
				CLANG_ENABLE_OBJC_ARC = YES;
				CLANG_WARN_BOOL_CONVERSION = YES;
				CLANG_WARN_CONSTANT_CONVERSION = YES;
				CLANG_WARN_DIRECT_OBJC_ISA_USAGE = YES_ERROR;
				CLANG_WARN_EMPTY_BODY = YES;
				CLANG_WARN_ENUM_CONVERSION = YES;
				CLANG_WARN_INT_CONVERSION = YES;
				CLANG_WARN_OBJC_ROOT_CLASS = YES_ERROR;
				CLANG_WARN_UNREACHABLE_CODE = YES;
				CLANG_WARN__DUPLICATE_METHOD_MATCH = YES;
				"CODE_SIGN_IDENTITY[sdk=iphoneos*]" = "iPhone Developer";
				COPY_PHASE_STRIP = NO;
				DEBUG_INFORMATION_FORMAT = "dwarf-with-dsym";
				ENABLE_STRICT_OBJC_MSGSEND = YES;
				GCC_C_LANGUAGE_STANDARD = gnu99;
				GCC_DYNAMIC_NO_PIC = NO;
				GCC_NO_COMMON_BLOCKS = YES;
				GCC_OPTIMIZATION_LEVEL = 0;
				GCC_PREPROCESSOR_DEFINITIONS = (
					"DEBUG=1",
					"$(inherited)",
				);
				GCC_SYMBOLS_PRIVATE_EXTERN = NO;
				GCC_WARN_64_TO_32_BIT_CONVERSION = YES;
				GCC_WARN_ABOUT_RETURN_TYPE = YES_ERROR;
				GCC_WARN_UNDECLARED_SELECTOR = YES;
				GCC_WARN_UNINITIALIZED_AUTOS = YES_AGGRESSIVE;
				GCC_WARN_UNUSED_FUNCTION = YES;
				GCC_WARN_UNUSED_VARIABLE = YES;
				IPHONEOS_DEPLOYMENT_TARGET = 8.2;
				MTL_ENABLE_DEBUG_INFO = YES;
				ONLY_ACTIVE_ARCH = YES;
				SDKROOT = iphoneos;
				TARGETED_DEVICE_FAMILY = "1,2";
			};
			name = Debug;
		};
		8E888E901ACD934C00DFC8ED /* Release */ = {
			isa = XCBuildConfiguration;
			buildSettings = {
				ALWAYS_SEARCH_USER_PATHS = NO;
				CLANG_CXX_LANGUAGE_STANDARD = "gnu++0x";
				CLANG_CXX_LIBRARY = "libc++";
				CLANG_ENABLE_MODULES = YES;
				CLANG_ENABLE_OBJC_ARC = YES;
				CLANG_WARN_BOOL_CONVERSION = YES;
				CLANG_WARN_CONSTANT_CONVERSION = YES;
				CLANG_WARN_DIRECT_OBJC_ISA_USAGE = YES_ERROR;
				CLANG_WARN_EMPTY_BODY = YES;
				CLANG_WARN_ENUM_CONVERSION = YES;
				CLANG_WARN_INT_CONVERSION = YES;
				CLANG_WARN_OBJC_ROOT_CLASS = YES_ERROR;
				CLANG_WARN_UNREACHABLE_CODE = YES;
				CLANG_WARN__DUPLICATE_METHOD_MATCH = YES;
				"CODE_SIGN_IDENTITY[sdk=iphoneos*]" = "iPhone Developer";
				COPY_PHASE_STRIP = NO;
				DEBUG_INFORMATION_FORMAT = "dwarf-with-dsym";
				ENABLE_NS_ASSERTIONS = NO;
				ENABLE_STRICT_OBJC_MSGSEND = YES;
				GCC_C_LANGUAGE_STANDARD = gnu99;
				GCC_NO_COMMON_BLOCKS = YES;
				GCC_WARN_64_TO_32_BIT_CONVERSION = YES;
				GCC_WARN_ABOUT_RETURN_TYPE = YES_ERROR;
				GCC_WARN_UNDECLARED_SELECTOR = YES;
				GCC_WARN_UNINITIALIZED_AUTOS = YES_AGGRESSIVE;
				GCC_WARN_UNUSED_FUNCTION = YES;
				GCC_WARN_UNUSED_VARIABLE = YES;
				IPHONEOS_DEPLOYMENT_TARGET = 8.2;
				MTL_ENABLE_DEBUG_INFO = NO;
				SDKROOT = iphoneos;
				TARGETED_DEVICE_FAMILY = "1,2";
				VALIDATE_PRODUCT = YES;
			};
			name = Release;
		};
		8E888E921ACD934C00DFC8ED /* Debug */ = {
			isa = XCBuildConfiguration;
			baseConfigurationReference = 5BD33C29BBA65792D1C2ADD1 /* Pods.debug.xcconfig */;
			buildSettings = {
				ASSETCATALOG_COMPILER_APPICON_NAME = AppIcon;
				GCC_PREFIX_HEADER = "$(SRCROOT)/$(PROJECT_NAME)/PrefixHeader.pch";
				INFOPLIST_FILE = LivingWords/Info.plist;
				IPHONEOS_DEPLOYMENT_TARGET = 8.2;
				LD_RUNPATH_SEARCH_PATHS = "$(inherited) @executable_path/Frameworks";
				PRODUCT_NAME = "$(TARGET_NAME)";
			};
			name = Debug;
		};
		8E888E931ACD934C00DFC8ED /* Release */ = {
			isa = XCBuildConfiguration;
			baseConfigurationReference = 76D10096C678A28C20C98B96 /* Pods.release.xcconfig */;
			buildSettings = {
				ASSETCATALOG_COMPILER_APPICON_NAME = AppIcon;
				GCC_PREFIX_HEADER = "$(SRCROOT)/$(PROJECT_NAME)/PrefixHeader.pch";
				INFOPLIST_FILE = LivingWords/Info.plist;
				IPHONEOS_DEPLOYMENT_TARGET = 8.2;
				LD_RUNPATH_SEARCH_PATHS = "$(inherited) @executable_path/Frameworks";
				PRODUCT_NAME = "$(TARGET_NAME)";
			};
			name = Release;
		};
		8E888E951ACD934C00DFC8ED /* Debug */ = {
			isa = XCBuildConfiguration;
			baseConfigurationReference = 8F82DA344532A138EFD80C71 /* Pods-LivingWordsTests.debug.xcconfig */;
			buildSettings = {
				BUNDLE_LOADER = "$(TEST_HOST)";
				FRAMEWORK_SEARCH_PATHS = (
					"$(SDKROOT)/Developer/Library/Frameworks",
					"$(inherited)",
				);
				GCC_PREPROCESSOR_DEFINITIONS = (
					"DEBUG=1",
					"$(inherited)",
				);
				INFOPLIST_FILE = LivingWordsTests/Info.plist;
				LD_RUNPATH_SEARCH_PATHS = "$(inherited) @executable_path/Frameworks @loader_path/Frameworks";
				PRODUCT_NAME = "$(TARGET_NAME)";
				TEST_HOST = "$(BUILT_PRODUCTS_DIR)/LivingWords.app/LivingWords";
			};
			name = Debug;
		};
		8E888E961ACD934C00DFC8ED /* Release */ = {
			isa = XCBuildConfiguration;
			baseConfigurationReference = CEF080B99495E9C5433CFF12 /* Pods-LivingWordsTests.release.xcconfig */;
			buildSettings = {
				BUNDLE_LOADER = "$(TEST_HOST)";
				FRAMEWORK_SEARCH_PATHS = (
					"$(SDKROOT)/Developer/Library/Frameworks",
					"$(inherited)",
				);
				INFOPLIST_FILE = LivingWordsTests/Info.plist;
				LD_RUNPATH_SEARCH_PATHS = "$(inherited) @executable_path/Frameworks @loader_path/Frameworks";
				PRODUCT_NAME = "$(TARGET_NAME)";
				TEST_HOST = "$(BUILT_PRODUCTS_DIR)/LivingWords.app/LivingWords";
			};
			name = Release;
		};
/* End XCBuildConfiguration section */

/* Begin XCConfigurationList section */
		8E888E661ACD934C00DFC8ED /* Build configuration list for PBXProject "LivingWords" */ = {
			isa = XCConfigurationList;
			buildConfigurations = (
				8E888E8F1ACD934C00DFC8ED /* Debug */,
				8E888E901ACD934C00DFC8ED /* Release */,
			);
			defaultConfigurationIsVisible = 0;
			defaultConfigurationName = Release;
		};
		8E888E911ACD934C00DFC8ED /* Build configuration list for PBXNativeTarget "LivingWords" */ = {
			isa = XCConfigurationList;
			buildConfigurations = (
				8E888E921ACD934C00DFC8ED /* Debug */,
				8E888E931ACD934C00DFC8ED /* Release */,
			);
			defaultConfigurationIsVisible = 0;
			defaultConfigurationName = Release;
		};
		8E888E941ACD934C00DFC8ED /* Build configuration list for PBXNativeTarget "LivingWordsTests" */ = {
			isa = XCConfigurationList;
			buildConfigurations = (
				8E888E951ACD934C00DFC8ED /* Debug */,
				8E888E961ACD934C00DFC8ED /* Release */,
			);
			defaultConfigurationIsVisible = 0;
			defaultConfigurationName = Release;
		};
/* End XCConfigurationList section */

/* Begin XCVersionGroup section */
		8E888E751ACD934C00DFC8ED /* LivingWords.xcdatamodeld */ = {
			isa = XCVersionGroup;
			children = (
				8E888E761ACD934C00DFC8ED /* LivingWords.xcdatamodel */,
			);
			currentVersion = 8E888E761ACD934C00DFC8ED /* LivingWords.xcdatamodel */;
			path = LivingWords.xcdatamodeld;
			sourceTree = "<group>";
			versionGroupType = wrapper.xcdatamodel;
		};
/* End XCVersionGroup section */
	};
	rootObject = 8E888E631ACD934C00DFC8ED /* Project object */;
}
